// !$*UTF8*$!
{
	archiveVersion = 1;
	classes = {
	};
	objectVersion = 46;
	objects = {

/* Begin PBXBuildFile section */
		4C6B09E3198785F400A99A2E /* AppDelegate.swift in Sources */ = {isa = PBXBuildFile; fileRef = 4C6B09E2198785F400A99A2E /* AppDelegate.swift */; };
		4C6B09E8198785F400A99A2E /* Main.storyboard in Resources */ = {isa = PBXBuildFile; fileRef = 4C6B09E6198785F400A99A2E /* Main.storyboard */; };
		4C6B09EA198785F400A99A2E /* Images.xcassets in Resources */ = {isa = PBXBuildFile; fileRef = 4C6B09E9198785F400A99A2E /* Images.xcassets */; };
		4C6B09F6198785F400A99A2E /* PowerSuitTests.swift in Sources */ = {isa = PBXBuildFile; fileRef = 4C6B09F5198785F400A99A2E /* PowerSuitTests.swift */; };
		4C6B0A04198786E900A99A2E /* PowerSuitItems.swift in Sources */ = {isa = PBXBuildFile; fileRef = 4C6B0A03198786E900A99A2E /* PowerSuitItems.swift */; };
		4C6B0A0B19878CE400A99A2E /* sound4.aiff in Resources */ = {isa = PBXBuildFile; fileRef = 4C6B0A0619878CE400A99A2E /* sound4.aiff */; };
		4C6B0A0C19878CE400A99A2E /* sound3.aiff in Resources */ = {isa = PBXBuildFile; fileRef = 4C6B0A0719878CE400A99A2E /* sound3.aiff */; };
		4C6B0A0D19878CE400A99A2E /* sound5.aiff in Resources */ = {isa = PBXBuildFile; fileRef = 4C6B0A0819878CE400A99A2E /* sound5.aiff */; };
		4C6B0A0E19878CE400A99A2E /* sound2.aiff in Resources */ = {isa = PBXBuildFile; fileRef = 4C6B0A0919878CE400A99A2E /* sound2.aiff */; };
		4C6B0A0F19878CE400A99A2E /* sound1.aiff in Resources */ = {isa = PBXBuildFile; fileRef = 4C6B0A0A19878CE400A99A2E /* sound1.aiff */; };
		4C6B0A1119878D1B00A99A2E /* SoundPlayer.swift in Sources */ = {isa = PBXBuildFile; fileRef = 4C6B0A1019878D1B00A99A2E /* SoundPlayer.swift */; };
		4C70F8461987A0E400DF598B /* transformers.wav in Resources */ = {isa = PBXBuildFile; fileRef = 4C70F8451987A0E400DF598B /* transformers.wav */; };
		4C70F8491987A1B600DF598B /* robot.wav in Resources */ = {isa = PBXBuildFile; fileRef = 4C70F8481987A1B600DF598B /* robot.wav */; };
		4CB7837F1987C92600E622A0 /* beat.aiff in Resources */ = {isa = PBXBuildFile; fileRef = 4CB7837E1987C92600E622A0 /* beat.aiff */; };
		4CB783821987CDAE00E622A0 /* beep.aif in Resources */ = {isa = PBXBuildFile; fileRef = 4CB783801987CDAE00E622A0 /* beep.aif */; };
		4CB783831987CDAE00E622A0 /* radioscatter.wav in Resources */ = {isa = PBXBuildFile; fileRef = 4CB783811987CDAE00E622A0 /* radioscatter.wav */; };
		4CB783881987CF3F00E622A0 /* swoosh.wav in Resources */ = {isa = PBXBuildFile; fileRef = 4CB783851987CF3F00E622A0 /* swoosh.wav */; };
		4CB783891987CF3F00E622A0 /* ufo.wav in Resources */ = {isa = PBXBuildFile; fileRef = 4CB783861987CF3F00E622A0 /* ufo.wav */; };
		4CB783901987D03F00E622A0 /* both_wings_down.aiff in Resources */ = {isa = PBXBuildFile; fileRef = 4CB7838A1987D03F00E622A0 /* both_wings_down.aiff */; };
		4CB783911987D03F00E622A0 /* both_wings_up.aiff in Resources */ = {isa = PBXBuildFile; fileRef = 4CB7838B1987D03F00E622A0 /* both_wings_up.aiff */; };
		4CB783921987D03F00E622A0 /* left_wing_down.aiff in Resources */ = {isa = PBXBuildFile; fileRef = 4CB7838C1987D03F00E622A0 /* left_wing_down.aiff */; };
		4CB783931987D03F00E622A0 /* left_wing_up.aiff in Resources */ = {isa = PBXBuildFile; fileRef = 4CB7838D1987D03F00E622A0 /* left_wing_up.aiff */; };
		4CB783941987D03F00E622A0 /* right_wing_down.aiff in Resources */ = {isa = PBXBuildFile; fileRef = 4CB7838E1987D03F00E622A0 /* right_wing_down.aiff */; };
		4CB783951987D03F00E622A0 /* right_wing_up.aiff in Resources */ = {isa = PBXBuildFile; fileRef = 4CB7838F1987D03F00E622A0 /* right_wing_up.aiff */; };
		4CB783971987DCD400E622A0 /* description.wav in Resources */ = {isa = PBXBuildFile; fileRef = 4CB783961987DCD400E622A0 /* description.wav */; };
		4CDEFAEF1987EEC50045EE25 /* PowerSuitCell.swift in Sources */ = {isa = PBXBuildFile; fileRef = 4CDEFAEE1987EEC50045EE25 /* PowerSuitCell.swift */; };
		4CDEFAF11987EEF20045EE25 /* CollectionViewController.swift in Sources */ = {isa = PBXBuildFile; fileRef = 4CDEFAF01987EEF20045EE25 /* CollectionViewController.swift */; };
		4CDEFAF3198809870045EE25 /* CellBackgroundView.swift in Sources */ = {isa = PBXBuildFile; fileRef = 4CDEFAF2198809870045EE25 /* CellBackgroundView.swift */; };
		4CDEFAF5198817180045EE25 /* PowerSuitHeader.swift in Sources */ = {isa = PBXBuildFile; fileRef = 4CDEFAF4198817180045EE25 /* PowerSuitHeader.swift */; };
/* End PBXBuildFile section */

/* Begin PBXContainerItemProxy section */
		4C6B09F0198785F400A99A2E /* PBXContainerItemProxy */ = {
			isa = PBXContainerItemProxy;
			containerPortal = 4C6B09D5198785F300A99A2E /* Project object */;
			proxyType = 1;
			remoteGlobalIDString = 4C6B09DC198785F300A99A2E;
			remoteInfo = PowerSuit;
		};
/* End PBXContainerItemProxy section */

/* Begin PBXFileReference section */
		4C3AE585198924A100B3DDBE /* bgvideo.mp4 */ = {isa = PBXFileReference; lastKnownFileType = file; path = bgvideo.mp4; sourceTree = "<group>"; };
		4C6B09DD198785F400A99A2E /* PowerSuit.app */ = {isa = PBXFileReference; explicitFileType = wrapper.application; includeInIndex = 0; path = PowerSuit.app; sourceTree = BUILT_PRODUCTS_DIR; };
		4C6B09E1198785F400A99A2E /* Info.plist */ = {isa = PBXFileReference; lastKnownFileType = text.plist.xml; path = Info.plist; sourceTree = "<group>"; };
		4C6B09E2198785F400A99A2E /* AppDelegate.swift */ = {isa = PBXFileReference; lastKnownFileType = sourcecode.swift; path = AppDelegate.swift; sourceTree = "<group>"; };
		4C6B09E7198785F400A99A2E /* Base */ = {isa = PBXFileReference; lastKnownFileType = file.storyboard; name = Base; path = Base.lproj/Main.storyboard; sourceTree = "<group>"; };
		4C6B09E9198785F400A99A2E /* Images.xcassets */ = {isa = PBXFileReference; lastKnownFileType = folder.assetcatalog; path = Images.xcassets; sourceTree = "<group>"; };
		4C6B09EF198785F400A99A2E /* PowerSuitTests.xctest */ = {isa = PBXFileReference; explicitFileType = wrapper.cfbundle; includeInIndex = 0; path = PowerSuitTests.xctest; sourceTree = BUILT_PRODUCTS_DIR; };
		4C6B09F4198785F400A99A2E /* Info.plist */ = {isa = PBXFileReference; lastKnownFileType = text.plist.xml; path = Info.plist; sourceTree = "<group>"; };
		4C6B09F5198785F400A99A2E /* PowerSuitTests.swift */ = {isa = PBXFileReference; lastKnownFileType = sourcecode.swift; path = PowerSuitTests.swift; sourceTree = "<group>"; };
		4C6B0A03198786E900A99A2E /* PowerSuitItems.swift */ = {isa = PBXFileReference; fileEncoding = 4; lastKnownFileType = sourcecode.swift; path = PowerSuitItems.swift; sourceTree = "<group>"; };
		4C6B0A0619878CE400A99A2E /* sound4.aiff */ = {isa = PBXFileReference; lastKnownFileType = audio.aiff; path = sound4.aiff; sourceTree = "<group>"; };
		4C6B0A0719878CE400A99A2E /* sound3.aiff */ = {isa = PBXFileReference; lastKnownFileType = audio.aiff; path = sound3.aiff; sourceTree = "<group>"; };
		4C6B0A0819878CE400A99A2E /* sound5.aiff */ = {isa = PBXFileReference; lastKnownFileType = audio.aiff; path = sound5.aiff; sourceTree = "<group>"; };
		4C6B0A0919878CE400A99A2E /* sound2.aiff */ = {isa = PBXFileReference; lastKnownFileType = audio.aiff; path = sound2.aiff; sourceTree = "<group>"; };
		4C6B0A0A19878CE400A99A2E /* sound1.aiff */ = {isa = PBXFileReference; lastKnownFileType = audio.aiff; path = sound1.aiff; sourceTree = "<group>"; };
		4C6B0A1019878D1B00A99A2E /* SoundPlayer.swift */ = {isa = PBXFileReference; fileEncoding = 4; lastKnownFileType = sourcecode.swift; path = SoundPlayer.swift; sourceTree = "<group>"; };
		4C70F8451987A0E400DF598B /* transformers.wav */ = {isa = PBXFileReference; lastKnownFileType = audio.wav; path = transformers.wav; sourceTree = "<group>"; };
		4C70F8481987A1B600DF598B /* robot.wav */ = {isa = PBXFileReference; lastKnownFileType = audio.wav; path = robot.wav; sourceTree = "<group>"; };
		4CB7837E1987C92600E622A0 /* beat.aiff */ = {isa = PBXFileReference; lastKnownFileType = audio.aiff; path = beat.aiff; sourceTree = "<group>"; };
		4CB783801987CDAE00E622A0 /* beep.aif */ = {isa = PBXFileReference; lastKnownFileType = file; path = beep.aif; sourceTree = "<group>"; };
		4CB783811987CDAE00E622A0 /* radioscatter.wav */ = {isa = PBXFileReference; lastKnownFileType = audio.wav; path = radioscatter.wav; sourceTree = "<group>"; };
		4CB783851987CF3F00E622A0 /* swoosh.wav */ = {isa = PBXFileReference; lastKnownFileType = audio.wav; path = swoosh.wav; sourceTree = "<group>"; };
		4CB783861987CF3F00E622A0 /* ufo.wav */ = {isa = PBXFileReference; lastKnownFileType = audio.wav; path = ufo.wav; sourceTree = "<group>"; };
		4CB7838A1987D03F00E622A0 /* both_wings_down.aiff */ = {isa = PBXFileReference; lastKnownFileType = audio.aiff; path = both_wings_down.aiff; sourceTree = "<group>"; };
		4CB7838B1987D03F00E622A0 /* both_wings_up.aiff */ = {isa = PBXFileReference; lastKnownFileType = audio.aiff; path = both_wings_up.aiff; sourceTree = "<group>"; };
		4CB7838C1987D03F00E622A0 /* left_wing_down.aiff */ = {isa = PBXFileReference; lastKnownFileType = audio.aiff; path = left_wing_down.aiff; sourceTree = "<group>"; };
		4CB7838D1987D03F00E622A0 /* left_wing_up.aiff */ = {isa = PBXFileReference; lastKnownFileType = audio.aiff; path = left_wing_up.aiff; sourceTree = "<group>"; };
		4CB7838E1987D03F00E622A0 /* right_wing_down.aiff */ = {isa = PBXFileReference; lastKnownFileType = audio.aiff; path = right_wing_down.aiff; sourceTree = "<group>"; };
		4CB7838F1987D03F00E622A0 /* right_wing_up.aiff */ = {isa = PBXFileReference; lastKnownFileType = audio.aiff; path = right_wing_up.aiff; sourceTree = "<group>"; };
		4CB783961987DCD400E622A0 /* description.wav */ = {isa = PBXFileReference; lastKnownFileType = audio.wav; path = description.wav; sourceTree = "<group>"; };
		4CDEFAEE1987EEC50045EE25 /* PowerSuitCell.swift */ = {isa = PBXFileReference; fileEncoding = 4; lastKnownFileType = sourcecode.swift; path = PowerSuitCell.swift; sourceTree = "<group>"; };
		4CDEFAF01987EEF20045EE25 /* CollectionViewController.swift */ = {isa = PBXFileReference; fileEncoding = 4; lastKnownFileType = sourcecode.swift; path = CollectionViewController.swift; sourceTree = "<group>"; };
		4CDEFAF2198809870045EE25 /* CellBackgroundView.swift */ = {isa = PBXFileReference; fileEncoding = 4; lastKnownFileType = sourcecode.swift; path = CellBackgroundView.swift; sourceTree = "<group>"; };
		4CDEFAF4198817180045EE25 /* PowerSuitHeader.swift */ = {isa = PBXFileReference; fileEncoding = 4; lastKnownFileType = sourcecode.swift; path = PowerSuitHeader.swift; sourceTree = "<group>"; };
/* End PBXFileReference section */

/* Begin PBXFrameworksBuildPhase section */
		4C6B09DA198785F300A99A2E /* Frameworks */ = {
			isa = PBXFrameworksBuildPhase;
			buildActionMask = 2147483647;
			files = (
			);
			runOnlyForDeploymentPostprocessing = 0;
		};
		4C6B09EC198785F400A99A2E /* Frameworks */ = {
			isa = PBXFrameworksBuildPhase;
			buildActionMask = 2147483647;
			files = (
			);
			runOnlyForDeploymentPostprocessing = 0;
		};
/* End PBXFrameworksBuildPhase section */

/* Begin PBXGroup section */
		4C6B09D4198785F300A99A2E = {
			isa = PBXGroup;
			children = (
				4C6B09DF198785F400A99A2E /* PowerSuit */,
				4C6B09F2198785F400A99A2E /* PowerSuitTests */,
				4C6B09DE198785F400A99A2E /* Products */,
			);
			sourceTree = "<group>";
		};
		4C6B09DE198785F400A99A2E /* Products */ = {
			isa = PBXGroup;
			children = (
				4C6B09DD198785F400A99A2E /* PowerSuit.app */,
				4C6B09EF198785F400A99A2E /* PowerSuitTests.xctest */,
			);
			name = Products;
			sourceTree = "<group>";
		};
		4C6B09DF198785F400A99A2E /* PowerSuit */ = {
			isa = PBXGroup;
			children = (
				4C6B0A0519878CD700A99A2E /* Sounds */,
				4C6B09E2198785F400A99A2E /* AppDelegate.swift */,
				4C6B0A1019878D1B00A99A2E /* SoundPlayer.swift */,
				4CDEFAF01987EEF20045EE25 /* CollectionViewController.swift */,
				4C6B0A03198786E900A99A2E /* PowerSuitItems.swift */,
				4C6B09E6198785F400A99A2E /* Main.storyboard */,
				4C6B09E9198785F400A99A2E /* Images.xcassets */,
				4C6B09E0198785F400A99A2E /* Supporting Files */,
				4CDEFAEE1987EEC50045EE25 /* PowerSuitCell.swift */,
				4CDEFAF4198817180045EE25 /* PowerSuitHeader.swift */,
				4CDEFAF2198809870045EE25 /* CellBackgroundView.swift */,
				4C3AE585198924A100B3DDBE /* bgvideo.mp4 */,
			);
			path = PowerSuit;
			sourceTree = "<group>";
		};
		4C6B09E0198785F400A99A2E /* Supporting Files */ = {
			isa = PBXGroup;
			children = (
				4C6B09E1198785F400A99A2E /* Info.plist */,
			);
			name = "Supporting Files";
			sourceTree = "<group>";
		};
		4C6B09F2198785F400A99A2E /* PowerSuitTests */ = {
			isa = PBXGroup;
			children = (
				4C6B09F5198785F400A99A2E /* PowerSuitTests.swift */,
				4C6B09F3198785F400A99A2E /* Supporting Files */,
			);
			path = PowerSuitTests;
			sourceTree = "<group>";
		};
		4C6B09F3198785F400A99A2E /* Supporting Files */ = {
			isa = PBXGroup;
			children = (
				4C6B09F4198785F400A99A2E /* Info.plist */,
			);
			name = "Supporting Files";
			sourceTree = "<group>";
		};
		4C6B0A0519878CD700A99A2E /* Sounds */ = {
			isa = PBXGroup;
			children = (
				4C70F8531987A7A300DF598B /* loop */,
				4C70F8471987A0E800DF598B /* voice */,
				4C70F8441987A0E400DF598B /* effects */,
			);
			name = Sounds;
			sourceTree = "<group>";
		};
		4C70F8441987A0E400DF598B /* effects */ = {
			isa = PBXGroup;
			children = (
				4CB783851987CF3F00E622A0 /* swoosh.wav */,
				4CB783861987CF3F00E622A0 /* ufo.wav */,
				4C70F8481987A1B600DF598B /* robot.wav */,
				4C70F8451987A0E400DF598B /* transformers.wav */,
			);
			path = effects;
			sourceTree = "<group>";
		};
		4C70F8471987A0E800DF598B /* voice */ = {
			isa = PBXGroup;
			children = (
				4CB783961987DCD400E622A0 /* description.wav */,
				4CB7838A1987D03F00E622A0 /* both_wings_down.aiff */,
				4CB7838B1987D03F00E622A0 /* both_wings_up.aiff */,
				4CB7838C1987D03F00E622A0 /* left_wing_down.aiff */,
				4CB7838D1987D03F00E622A0 /* left_wing_up.aiff */,
				4CB7838E1987D03F00E622A0 /* right_wing_down.aiff */,
				4CB7838F1987D03F00E622A0 /* right_wing_up.aiff */,
				4C6B0A0619878CE400A99A2E /* sound4.aiff */,
				4C6B0A0719878CE400A99A2E /* sound3.aiff */,
				4C6B0A0819878CE400A99A2E /* sound5.aiff */,
				4C6B0A0919878CE400A99A2E /* sound2.aiff */,
				4C6B0A0A19878CE400A99A2E /* sound1.aiff */,
			);
			name = voice;
			sourceTree = "<group>";
		};
		4C70F8531987A7A300DF598B /* loop */ = {
			isa = PBXGroup;
			children = (
				4CB783801987CDAE00E622A0 /* beep.aif */,
				4CB783811987CDAE00E622A0 /* radioscatter.wav */,
				4CB7837E1987C92600E622A0 /* beat.aiff */,
			);
			name = loop;
			sourceTree = "<group>";
		};
/* End PBXGroup section */

/* Begin PBXNativeTarget section */
		4C6B09DC198785F300A99A2E /* PowerSuit */ = {
			isa = PBXNativeTarget;
			buildConfigurationList = 4C6B09F9198785F400A99A2E /* Build configuration list for PBXNativeTarget "PowerSuit" */;
			buildPhases = (
				4C6B09D9198785F300A99A2E /* Sources */,
				4C6B09DA198785F300A99A2E /* Frameworks */,
				4C6B09DB198785F300A99A2E /* Resources */,
			);
			buildRules = (
			);
			dependencies = (
			);
			name = PowerSuit;
			productName = PowerSuit;
			productReference = 4C6B09DD198785F400A99A2E /* PowerSuit.app */;
			productType = "com.apple.product-type.application";
		};
		4C6B09EE198785F400A99A2E /* PowerSuitTests */ = {
			isa = PBXNativeTarget;
			buildConfigurationList = 4C6B09FC198785F400A99A2E /* Build configuration list for PBXNativeTarget "PowerSuitTests" */;
			buildPhases = (
				4C6B09EB198785F400A99A2E /* Sources */,
				4C6B09EC198785F400A99A2E /* Frameworks */,
				4C6B09ED198785F400A99A2E /* Resources */,
			);
			buildRules = (
			);
			dependencies = (
				4C6B09F1198785F400A99A2E /* PBXTargetDependency */,
			);
			name = PowerSuitTests;
			productName = PowerSuitTests;
			productReference = 4C6B09EF198785F400A99A2E /* PowerSuitTests.xctest */;
			productType = "com.apple.product-type.bundle.unit-test";
		};
/* End PBXNativeTarget section */

/* Begin PBXProject section */
		4C6B09D5198785F300A99A2E /* Project object */ = {
			isa = PBXProject;
			attributes = {
				LastUpgradeCheck = 0600;
				ORGANIZATIONNAME = "Michael Teeuw";
				TargetAttributes = {
					4C6B09DC198785F300A99A2E = {
						CreatedOnToolsVersion = 6.0;
						DevelopmentTeam = 9ZW6KB2LSP;
					};
					4C6B09EE198785F400A99A2E = {
						CreatedOnToolsVersion = 6.0;
						TestTargetID = 4C6B09DC198785F300A99A2E;
					};
				};
			};
			buildConfigurationList = 4C6B09D8198785F300A99A2E /* Build configuration list for PBXProject "PowerSuit" */;
			compatibilityVersion = "Xcode 3.2";
			developmentRegion = English;
			hasScannedForEncodings = 0;
			knownRegions = (
				en,
				Base,
			);
			mainGroup = 4C6B09D4198785F300A99A2E;
			productRefGroup = 4C6B09DE198785F400A99A2E /* Products */;
			projectDirPath = "";
			projectRoot = "";
			targets = (
				4C6B09DC198785F300A99A2E /* PowerSuit */,
				4C6B09EE198785F400A99A2E /* PowerSuitTests */,
			);
		};
/* End PBXProject section */

/* Begin PBXResourcesBuildPhase section */
		4C6B09DB198785F300A99A2E /* Resources */ = {
			isa = PBXResourcesBuildPhase;
			buildActionMask = 2147483647;
			files = (
				4C6B0A0D19878CE400A99A2E /* sound5.aiff in Resources */,
				4CB783941987D03F00E622A0 /* right_wing_down.aiff in Resources */,
				4CB7837F1987C92600E622A0 /* beat.aiff in Resources */,
				4C6B09E8198785F400A99A2E /* Main.storyboard in Resources */,
				4CB783951987D03F00E622A0 /* right_wing_up.aiff in Resources */,
				4CB783881987CF3F00E622A0 /* swoosh.wav in Resources */,
				4C70F8461987A0E400DF598B /* transformers.wav in Resources */,
				4C70F8491987A1B600DF598B /* robot.wav in Resources */,
				4CB783921987D03F00E622A0 /* left_wing_down.aiff in Resources */,
				4CB783891987CF3F00E622A0 /* ufo.wav in Resources */,
				4CB783931987D03F00E622A0 /* left_wing_up.aiff in Resources */,
				4C6B0A0F19878CE400A99A2E /* sound1.aiff in Resources */,
				4C6B0A0E19878CE400A99A2E /* sound2.aiff in Resources */,
				4CB783971987DCD400E622A0 /* description.wav in Resources */,
				4C6B09EA198785F400A99A2E /* Images.xcassets in Resources */,
				4CB783821987CDAE00E622A0 /* beep.aif in Resources */,
				4CB783831987CDAE00E622A0 /* radioscatter.wav in Resources */,
				4CB783901987D03F00E622A0 /* both_wings_down.aiff in Resources */,
				4C6B0A0B19878CE400A99A2E /* sound4.aiff in Resources */,
				4CB783911987D03F00E622A0 /* both_wings_up.aiff in Resources */,
				4C6B0A0C19878CE400A99A2E /* sound3.aiff in Resources */,
			);
			runOnlyForDeploymentPostprocessing = 0;
		};
		4C6B09ED198785F400A99A2E /* Resources */ = {
			isa = PBXResourcesBuildPhase;
			buildActionMask = 2147483647;
			files = (
			);
			runOnlyForDeploymentPostprocessing = 0;
		};
/* End PBXResourcesBuildPhase section */

/* Begin PBXSourcesBuildPhase section */
		4C6B09D9198785F300A99A2E /* Sources */ = {
			isa = PBXSourcesBuildPhase;
			buildActionMask = 2147483647;
			files = (
				4CDEFAF11987EEF20045EE25 /* CollectionViewController.swift in Sources */,
				4CDEFAEF1987EEC50045EE25 /* PowerSuitCell.swift in Sources */,
				4CDEFAF3198809870045EE25 /* CellBackgroundView.swift in Sources */,
				4CDEFAF5198817180045EE25 /* PowerSuitHeader.swift in Sources */,
				4C6B0A1119878D1B00A99A2E /* SoundPlayer.swift in Sources */,
				4C6B09E3198785F400A99A2E /* AppDelegate.swift in Sources */,
				4C6B0A04198786E900A99A2E /* PowerSuitItems.swift in Sources */,
			);
			runOnlyForDeploymentPostprocessing = 0;
		};
		4C6B09EB198785F400A99A2E /* Sources */ = {
			isa = PBXSourcesBuildPhase;
			buildActionMask = 2147483647;
			files = (
				4C6B09F6198785F400A99A2E /* PowerSuitTests.swift in Sources */,
			);
			runOnlyForDeploymentPostprocessing = 0;
		};
/* End PBXSourcesBuildPhase section */

/* Begin PBXTargetDependency section */
		4C6B09F1198785F400A99A2E /* PBXTargetDependency */ = {
			isa = PBXTargetDependency;
			target = 4C6B09DC198785F300A99A2E /* PowerSuit */;
			targetProxy = 4C6B09F0198785F400A99A2E /* PBXContainerItemProxy */;
		};
/* End PBXTargetDependency section */

/* Begin PBXVariantGroup section */
		4C6B09E6198785F400A99A2E /* Main.storyboard */ = {
			isa = PBXVariantGroup;
			children = (
				4C6B09E7198785F400A99A2E /* Base */,
			);
			name = Main.storyboard;
			sourceTree = "<group>";
		};
/* End PBXVariantGroup section */

/* Begin XCBuildConfiguration section */
		4C6B09F7198785F400A99A2E /* Debug */ = {
			isa = XCBuildConfiguration;
			buildSettings = {
				ALWAYS_SEARCH_USER_PATHS = NO;
				CLANG_CXX_LANGUAGE_STANDARD = "gnu++0x";
				CLANG_CXX_LIBRARY = "libc++";
				CLANG_ENABLE_MODULES = YES;
				CLANG_ENABLE_OBJC_ARC = YES;
				CLANG_WARN_BOOL_CONVERSION = YES;
				CLANG_WARN_CONSTANT_CONVERSION = YES;
				CLANG_WARN_DIRECT_OBJC_ISA_USAGE = YES_ERROR;
				CLANG_WARN_EMPTY_BODY = YES;
				CLANG_WARN_ENUM_CONVERSION = YES;
				CLANG_WARN_INT_CONVERSION = YES;
				CLANG_WARN_OBJC_ROOT_CLASS = YES_ERROR;
				CLANG_WARN_UNREACHABLE_CODE = YES;
				CLANG_WARN__DUPLICATE_METHOD_MATCH = YES;
				"CODE_SIGN_IDENTITY[sdk=iphoneos*]" = "iPhone Developer";
				COPY_PHASE_STRIP = NO;
				ENABLE_STRICT_OBJC_MSGSEND = YES;
				GCC_C_LANGUAGE_STANDARD = gnu99;
				GCC_DYNAMIC_NO_PIC = NO;
				GCC_OPTIMIZATION_LEVEL = 0;
				GCC_PREPROCESSOR_DEFINITIONS = (
					"DEBUG=1",
					"$(inherited)",
				);
				GCC_SYMBOLS_PRIVATE_EXTERN = NO;
				GCC_WARN_64_TO_32_BIT_CONVERSION = YES;
				GCC_WARN_ABOUT_RETURN_TYPE = YES_ERROR;
				GCC_WARN_UNDECLARED_SELECTOR = YES;
				GCC_WARN_UNINITIALIZED_AUTOS = YES_AGGRESSIVE;
				GCC_WARN_UNUSED_FUNCTION = YES;
				GCC_WARN_UNUSED_VARIABLE = YES;
				IPHONEOS_DEPLOYMENT_TARGET = 8.0;
				MTL_ENABLE_DEBUG_INFO = YES;
				ONLY_ACTIVE_ARCH = YES;
				SDKROOT = iphoneos;
				SWIFT_OPTIMIZATION_LEVEL = "-Onone";
				TARGETED_DEVICE_FAMILY = "1,2";
			};
			name = Debug;
		};
		4C6B09F8198785F400A99A2E /* Release */ = {
			isa = XCBuildConfiguration;
			buildSettings = {
				ALWAYS_SEARCH_USER_PATHS = NO;
				CLANG_CXX_LANGUAGE_STANDARD = "gnu++0x";
				CLANG_CXX_LIBRARY = "libc++";
				CLANG_ENABLE_MODULES = YES;
				CLANG_ENABLE_OBJC_ARC = YES;
				CLANG_WARN_BOOL_CONVERSION = YES;
				CLANG_WARN_CONSTANT_CONVERSION = YES;
				CLANG_WARN_DIRECT_OBJC_ISA_USAGE = YES_ERROR;
				CLANG_WARN_EMPTY_BODY = YES;
				CLANG_WARN_ENUM_CONVERSION = YES;
				CLANG_WARN_INT_CONVERSION = YES;
				CLANG_WARN_OBJC_ROOT_CLASS = YES_ERROR;
				CLANG_WARN_UNREACHABLE_CODE = YES;
				CLANG_WARN__DUPLICATE_METHOD_MATCH = YES;
				"CODE_SIGN_IDENTITY[sdk=iphoneos*]" = "iPhone Developer";
				COPY_PHASE_STRIP = YES;
				ENABLE_NS_ASSERTIONS = NO;
				ENABLE_STRICT_OBJC_MSGSEND = YES;
				GCC_C_LANGUAGE_STANDARD = gnu99;
				GCC_WARN_64_TO_32_BIT_CONVERSION = YES;
				GCC_WARN_ABOUT_RETURN_TYPE = YES_ERROR;
				GCC_WARN_UNDECLARED_SELECTOR = YES;
				GCC_WARN_UNINITIALIZED_AUTOS = YES_AGGRESSIVE;
				GCC_WARN_UNUSED_FUNCTION = YES;
				GCC_WARN_UNUSED_VARIABLE = YES;
				IPHONEOS_DEPLOYMENT_TARGET = 8.0;
				MTL_ENABLE_DEBUG_INFO = NO;
				SDKROOT = iphoneos;
				TARGETED_DEVICE_FAMILY = "1,2";
				VALIDATE_PRODUCT = YES;
			};
			name = Release;
		};
		4C6B09FA198785F400A99A2E /* Debug */ = {
			isa = XCBuildConfiguration;
			buildSettings = {
				ASSETCATALOG_COMPILER_APPICON_NAME = AppIcon;
				ASSETCATALOG_COMPILER_LAUNCHIMAGE_NAME = LaunchImage;
				CODE_SIGN_IDENTITY = "iPhone Developer";
				"CODE_SIGN_IDENTITY[sdk=iphoneos*]" = "iPhone Developer";
				INFOPLIST_FILE = PowerSuit/Info.plist;
				IPHONEOS_DEPLOYMENT_TARGET = 7.1;
				LD_RUNPATH_SEARCH_PATHS = "$(inherited) @executable_path/Frameworks";
				PRODUCT_NAME = "$(TARGET_NAME)";
				PROVISIONING_PROFILE = "";
			};
			name = Debug;
		};
		4C6B09FB198785F400A99A2E /* Release */ = {
			isa = XCBuildConfiguration;
			buildSettings = {
				ASSETCATALOG_COMPILER_APPICON_NAME = AppIcon;
				ASSETCATALOG_COMPILER_LAUNCHIMAGE_NAME = LaunchImage;
				CODE_SIGN_IDENTITY = "iPhone Developer";
				"CODE_SIGN_IDENTITY[sdk=iphoneos*]" = "iPhone Developer";
				INFOPLIST_FILE = PowerSuit/Info.plist;
				IPHONEOS_DEPLOYMENT_TARGET = 7.1;
				LD_RUNPATH_SEARCH_PATHS = "$(inherited) @executable_path/Frameworks";
				PRODUCT_NAME = "$(TARGET_NAME)";
				PROVISIONING_PROFILE = "";
			};
			name = Release;
		};
		4C6B09FD198785F400A99A2E /* Debug */ = {
			isa = XCBuildConfiguration;
			buildSettings = {
				BUNDLE_LOADER = "$(BUILT_PRODUCTS_DIR)/PowerSuit.app/PowerSuit";
				FRAMEWORK_SEARCH_PATHS = (
					"$(SDKROOT)/Developer/Library/Frameworks",
					"$(inherited)",
				);
				GCC_PREPROCESSOR_DEFINITIONS = (
					"DEBUG=1",
					"$(inherited)",
				);
				INFOPLIST_FILE = PowerSuitTests/Info.plist;
				LD_RUNPATH_SEARCH_PATHS = "$(inherited) @executable_path/Frameworks @loader_path/Frameworks";
				PRODUCT_NAME = "$(TARGET_NAME)";
				TEST_HOST = "$(BUNDLE_LOADER)";
			};
			name = Debug;
		};
		4C6B09FE198785F400A99A2E /* Release */ = {
			isa = XCBuildConfiguration;
			buildSettings = {
				BUNDLE_LOADER = "$(BUILT_PRODUCTS_DIR)/PowerSuit.app/PowerSuit";
				FRAMEWORK_SEARCH_PATHS = (
					"$(SDKROOT)/Developer/Library/Frameworks",
					"$(inherited)",
				);
				INFOPLIST_FILE = PowerSuitTests/Info.plist;
				LD_RUNPATH_SEARCH_PATHS = "$(inherited) @executable_path/Frameworks @loader_path/Frameworks";
				PRODUCT_NAME = "$(TARGET_NAME)";
				TEST_HOST = "$(BUNDLE_LOADER)";
			};
			name = Release;
		};
/* End XCBuildConfiguration section */

/* Begin XCConfigurationList section */
		4C6B09D8198785F300A99A2E /* Build configuration list for PBXProject "PowerSuit" */ = {
			isa = XCConfigurationList;
			buildConfigurations = (
				4C6B09F7198785F400A99A2E /* Debug */,
				4C6B09F8198785F400A99A2E /* Release */,
			);
			defaultConfigurationIsVisible = 0;
			defaultConfigurationName = Release;
		};
		4C6B09F9198785F400A99A2E /* Build configuration list for PBXNativeTarget "PowerSuit" */ = {
			isa = XCConfigurationList;
			buildConfigurations = (
				4C6B09FA198785F400A99A2E /* Debug */,
				4C6B09FB198785F400A99A2E /* Release */,
			);
			defaultConfigurationIsVisible = 0;
			defaultConfigurationName = Release;
		};
		4C6B09FC198785F400A99A2E /* Build configuration list for PBXNativeTarget "PowerSuitTests" */ = {
			isa = XCConfigurationList;
			buildConfigurations = (
				4C6B09FD198785F400A99A2E /* Debug */,
				4C6B09FE198785F400A99A2E /* Release */,
			);
			defaultConfigurationIsVisible = 0;
			defaultConfigurationName = Release;
		};
/* End XCConfigurationList section */
	};
	rootObject = 4C6B09D5198785F300A99A2E /* Project object */;
}
